<Solution>
  <Project Path="AdminTools/AdminTools.csproj" Id="3478271c-7dd6-431c-965a-7a4d8d09ac64" />
  <Project Path="Connection/Connection.csproj" />
  <Project Path="LoginServer/LoginServer.csproj" />
  <Project Path="Networking/Networking.csproj" />
  <Project Path="Shared/Shared.csproj" />
  <Project Path="SystemTools/SystemTools.csproj" />
</Solution>
