<Solution>
  <Project Path="Connection/Connection.csproj" />
  <Project Path="Core/Core.csproj" Id="1209b187-d4cb-4ca4-9a7d-e27a619806bc" />
  <Project Path="LoginServer/LoginServer.csproj" />
  <Project Path="Networking/Networking.csproj" />
  <Project Path="Shared/Shared.csproj" />
  <Project Path="SystemTools/SystemTools.csproj" />
</Solution>
